{
  "requires": true,
  "lockfileVersion": 1,
  "dependencies": {
    "buffer-writer": {
      "version": "2.0.0",
      "resolved": "https://jfrog.engel.int:443/artifactory/api/npm/cc-npm-virtual/buffer-writer/-/buffer-writer-2.0.0.tgz",
      "integrity": "sha1-zn64Gjj3gp2wnIc/L7t5LAyY7AQ="
    },
    "packet-reader": {
      "version": "1.0.0",
      "resolved": "https://jfrog.engel.int:443/artifactory/api/npm/cc-npm-virtual/packet-reader/-/packet-reader-1.0.0.tgz",
      "integrity": "sha1-kjjlSA3tq6z+H+PydxBj8WQVfXQ="
    },
    "pg": {
      "version": "8.3.0",
      "resolved": "https://jfrog.engel.int:443/artifactory/api/npm/cc-npm-virtual/pg/-/pg-8.3.0.tgz",
      "integrity": "sha1-lBODMA047vUey4igGIzsRBq2TYE=",
      "requires": {
        "buffer-writer": "2.0.0",
        "packet-reader": "1.0.0",
        "pg-connection-string": "^2.3.0",
        "pg-pool": "^3.2.1",
        "pg-protocol": "^1.2.5",
        "pg-types": "^2.1.0",
        "pgpass": "1.x",
        "semver": "4.3.2"
      }
    },
    "pg-connection-string": {
      "version": "2.3.0",
      "resolved": "https://jfrog.engel.int:443/artifactory/api/npm/cc-npm-virtual/pg-connection-string/-/pg-connection-string-2.3.0.tgz",
      "integrity": "sha1-wT/LhMKY0L+puhK0DdbCPZRvVdY="
    },
    "pg-int8": {
      "version": "1.0.1",
      "resolved": "https://jfrog.engel.int:443/artifactory/api/npm/cc-npm-virtual/pg-int8/-/pg-int8-1.0.1.tgz",
      "integrity": "sha1-lDvUY79bcbQXARX4D478mgwOt4w="
    },
    "pg-pool": {
      "version": "3.2.1",
      "resolved": "https://jfrog.engel.int:443/artifactory/api/npm/cc-npm-virtual/pg-pool/-/pg-pool-3.2.1.tgz",
      "integrity": "sha1-X0r8D1gGNlmu76lS02r0n6KLMOA="
    },
    "pg-protocol": {
      "version": "1.2.5",
      "resolved": "https://jfrog.engel.int:443/artifactory/api/npm/cc-npm-virtual/pg-protocol/-/pg-protocol-1.2.5.tgz",
      "integrity": "sha1-KKFJLN4RZG/y0tBr3uQqO6BfEmw="
    },
    "pg-types": {
      "version": "2.2.0",
      "resolved": "https://jfrog.engel.int:443/artifactory/api/npm/cc-npm-virtual/pg-types/-/pg-types-2.2.0.tgz",
      "integrity": "sha1-LQJQ1jZFT3z6O2rgOC/fqAYyVKM=",
      "requires": {
        "pg-int8": "1.0.1",
        "postgres-array": "~2.0.0",
        "postgres-bytea": "~1.0.0",
        "postgres-date": "~1.0.4",
        "postgres-interval": "^1.1.0"
      }
    },
    "pgpass": {
      "version": "1.0.2",
      "resolved": "https://jfrog.engel.int:443/artifactory/api/npm/cc-npm-virtual/pgpass/-/pgpass-1.0.2.tgz",
      "integrity": "sha1-Knu0G2BltnkH6R2hsHwYR8h3swY=",
      "requires": {
        "split": "^1.0.0"
      }
    },
    "postgres-array": {
      "version": "2.0.0",
      "resolved": "https://jfrog.engel.int:443/artifactory/api/npm/cc-npm-virtual/postgres-array/-/postgres-array-2.0.0.tgz",
      "integrity": "sha1-SPj84FT7xpZxmZMpuINLdyZS2C4="
    },
    "postgres-bytea": {
      "version": "1.0.0",
      "resolved": "https://jfrog.engel.int:443/artifactory/api/npm/cc-npm-virtual/postgres-bytea/-/postgres-bytea-1.0.0.tgz",
      "integrity": "sha1-AntTPAqokOJtFy1Hz5zOzFIazTU="
    },
    "postgres-date": {
      "version": "1.0.5",
      "resolved": "https://jfrog.engel.int:443/artifactory/api/npm/cc-npm-virtual/postgres-date/-/postgres-date-1.0.5.tgz",
      "integrity": "sha1-cQsn3l8n1VD26AtdNPe6GJITwu4="
    },
    "postgres-interval": {
      "version": "1.2.0",
      "resolved": "https://jfrog.engel.int:443/artifactory/api/npm/cc-npm-virtual/postgres-interval/-/postgres-interval-1.2.0.tgz",
      "integrity": "sha1-tGDILLFYdQd4iBmgaqD//bNURpU=",
      "requires": {
        "xtend": "^4.0.0"
      }
    },
    "semver": {
      "version": "4.3.2",
      "resolved": "https://jfrog.engel.int:443/artifactory/api/npm/cc-npm-virtual/semver/-/semver-4.3.2.tgz",
      "integrity": "sha1-x6BxWKgL7dBSNVt3DYLWZA+AO+c="
    },
    "split": {
      "version": "1.0.1",
      "resolved": "https://jfrog.engel.int:443/artifactory/api/npm/cc-npm-virtual/split/-/split-1.0.1.tgz",
      "integrity": "sha1-YFvZvjA6pZ+zX5Ip++oN3snqB9k=",
      "requires": {
        "through": "2"
      }
    },
    "through": {
      "version": "2.3.8",
      "resolved": "https://jfrog.engel.int:443/artifactory/api/npm/cc-npm-virtual/through/-/through-2.3.8.tgz",
      "integrity": "sha1-DdTJ/6q8NXlgsbckEV1+Doai4fU="
    },
    "xtend": {
      "version": "4.0.2",
      "resolved": "https://jfrog.engel.int:443/artifactory/api/npm/cc-npm-virtual/xtend/-/xtend-4.0.2.tgz",
      "integrity": "sha1-u3J3n1+kZRhrH0OPZ0+jR/2121Q="
    }
  }
}
